// !$*UTF8*$!
{
	archiveVersion = 1;
	classes = {
	};
	objectVersion = 46;
	objects = {

/* Begin PBXBuildFile section */
		2C2663571FC50C1600AFC5E1 /* GuideResources2ViewController.m in Sources */ = {isa = PBXBuildFile; fileRef = 2C2663561FC50C1600AFC5E1 /* GuideResources2ViewController.m */; };
		2C2C856D1D203F5B009E9B3F /* AddressBook.framework in Frameworks */ = {isa = PBXBuildFile; fileRef = 2C2C856B1D203F5B009E9B3F /* AddressBook.framework */; };
		2C2C856E1D203F5B009E9B3F /* AddressBookUI.framework in Frameworks */ = {isa = PBXBuildFile; fileRef = 2C2C856C1D203F5B009E9B3F /* AddressBookUI.framework */; };
		2C44AA061B1CBA7D005D208C /* Images.xcassets in Resources */ = {isa = PBXBuildFile; fileRef = 2C44AA051B1CBA7D005D208C /* Images.xcassets */; };
		2C44AA151B1CBA7D005D208C /* SafetyPlanTests.m in Sources */ = {isa = PBXBuildFile; fileRef = 2C44AA141B1CBA7D005D208C /* SafetyPlanTests.m */; };
		2C67D99E1B584FFA00C53652 /* safetyplanlayout.storyboard in Resources */ = {isa = PBXBuildFile; fileRef = 2C67D9791B584FFA00C53652 /* safetyplanlayout.storyboard */; };
		2C67D9A71B584FFA00C53652 /* GuideOverviewViewController.m in Sources */ = {isa = PBXBuildFile; fileRef = 2C67D98B1B584FFA00C53652 /* GuideOverviewViewController.m */; };
		2C67D9A91B584FFA00C53652 /* GuideSafetyPlanViewController.m in Sources */ = {isa = PBXBuildFile; fileRef = 2C67D98F1B584FFA00C53652 /* GuideSafetyPlanViewController.m */; };
		2C67D9AC1B584FFA00C53652 /* SuicideGuideTableViewController.m in Sources */ = {isa = PBXBuildFile; fileRef = 2C67D9951B584FFA00C53652 /* SuicideGuideTableViewController.m */; };
		2C67D9AE1B584FFA00C53652 /* SuicideSafetyPlanTabViewController.m in Sources */ = {isa = PBXBuildFile; fileRef = 2C67D9991B584FFA00C53652 /* SuicideSafetyPlanTabViewController.m */; };
		2C67D9AF1B584FFA00C53652 /* TPKeyboardAvoidingScrollView.m in Sources */ = {isa = PBXBuildFile; fileRef = 2C67D99B1B584FFA00C53652 /* TPKeyboardAvoidingScrollView.m */; };
		2C67D9B01B584FFA00C53652 /* UIScrollView+TPKeyboardAvoidingAdditions.m in Sources */ = {isa = PBXBuildFile; fileRef = 2C67D99D1B584FFA00C53652 /* UIScrollView+TPKeyboardAvoidingAdditions.m */; };
		3FE1113324193EB3006D4099 /* GuideCopingViewController.swift in Sources */ = {isa = PBXBuildFile; fileRef = 3FE1113224193EB2006D4099 /* GuideCopingViewController.swift */; };
		3FE1113824194154006D4099 /* GuideRecoveringViewContoller.swift in Sources */ = {isa = PBXBuildFile; fileRef = 3FE1113624194154006D4099 /* GuideRecoveringViewContoller.swift */; };
		3FE1113924194154006D4099 /* GuideSuicidePreventionViewController.swift in Sources */ = {isa = PBXBuildFile; fileRef = 3FE1113724194154006D4099 /* GuideSuicidePreventionViewController.swift */; };
		446660A8289C5A4E00090856 /* safetyplanlaunch.storyboard in Resources */ = {isa = PBXBuildFile; fileRef = 446660A7289C5A4E00090856 /* safetyplanlaunch.storyboard */; };
		4489DACF28989DD500A984A7 /* Colors.xcassets in Resources */ = {isa = PBXBuildFile; fileRef = 4489DACE28989DD500A984A7 /* Colors.xcassets */; };
		9C27D17D9D9204A2A7FC5552 /* Pods_Safety_PlanTests.framework in Frameworks */ = {isa = PBXBuildFile; fileRef = AB18F0A8CBBAD5BB3844FF21 /* Pods_Safety_PlanTests.framework */; };
		A71A9D355BACCA526028E3D2 /* Pods_Safety_Plan.framework in Frameworks */ = {isa = PBXBuildFile; fileRef = ADC79E336B06AA74EACC72F5 /* Pods_Safety_Plan.framework */; };
		B83A47B52447F52F0030A8A4 /* DatabaseGateway.swift in Sources */ = {isa = PBXBuildFile; fileRef = B83A47B42447F52F0030A8A4 /* DatabaseGateway.swift */; };
		B83E76B0241C5FDF00837918 /* Plan.storyboard in Resources */ = {isa = PBXBuildFile; fileRef = B83E76AF241C5FDF00837918 /* Plan.storyboard */; };
		B83E76B4241C995000837918 /* UITableViewExtensions.swift in Sources */ = {isa = PBXBuildFile; fileRef = B83E76B3241C995000837918 /* UITableViewExtensions.swift */; };
		B83E76B6241CA33B00837918 /* BaseTableViewCell.swift in Sources */ = {isa = PBXBuildFile; fileRef = B83E76B5241CA33B00837918 /* BaseTableViewCell.swift */; };
		B83E76BA241CA38700837918 /* TextFieldTableViewCell.swift in Sources */ = {isa = PBXBuildFile; fileRef = B83E76B9241CA38700837918 /* TextFieldTableViewCell.swift */; };
		B83E76BC241D3D5A00837918 /* ButtonCell.swift in Sources */ = {isa = PBXBuildFile; fileRef = B83E76BB241D3D5A00837918 /* ButtonCell.swift */; };
		B83E76BE241D40A000837918 /* UIColorExtentions.swift in Sources */ = {isa = PBXBuildFile; fileRef = B83E76BD241D40A000837918 /* UIColorExtentions.swift */; };
		B83E76C42420938D00837918 /* EditSafetyPlanItemViewController.swift in Sources */ = {isa = PBXBuildFile; fileRef = B83E76C32420938D00837918 /* EditSafetyPlanItemViewController.swift */; };
		B83E76C62420976600837918 /* EditOtherNotesViewController.swift in Sources */ = {isa = PBXBuildFile; fileRef = B83E76C52420976600837918 /* EditOtherNotesViewController.swift */; };
		B83E76CA2420A7EE00837918 /* DoubleTextFieldTableCell.swift in Sources */ = {isa = PBXBuildFile; fileRef = B83E76C92420A7EE00837918 /* DoubleTextFieldTableCell.swift */; };
		B83E76CC2420B35E00837918 /* InstructionsViewController.swift in Sources */ = {isa = PBXBuildFile; fileRef = B83E76CB2420B35E00837918 /* InstructionsViewController.swift */; };
		B84A89FD244D15C8004EC2B4 /* SafetyPlanItemGateway.swift in Sources */ = {isa = PBXBuildFile; fileRef = B84A89FC244D15C8004EC2B4 /* SafetyPlanItemGateway.swift */; };
		B84A89FF244D15EC004EC2B4 /* PersonalContactGateway.swift in Sources */ = {isa = PBXBuildFile; fileRef = B84A89FE244D15EC004EC2B4 /* PersonalContactGateway.swift */; };
		B8650C6F242591B1009D09E2 /* RLMPersonalContact.swift in Sources */ = {isa = PBXBuildFile; fileRef = B8650C6E242591B1009D09E2 /* RLMPersonalContact.swift */; };
		B8650C71242592A1009D09E2 /* RLMSafetyPlanItem.swift in Sources */ = {isa = PBXBuildFile; fileRef = B8650C70242592A1009D09E2 /* RLMSafetyPlanItem.swift */; };
		B8650C772425DEA1009D09E2 /* DomainObject.swift in Sources */ = {isa = PBXBuildFile; fileRef = B8650C762425DEA1009D09E2 /* DomainObject.swift */; };
		B86A37782419B31B0011E0F0 /* SafetyPlanViewController.swift in Sources */ = {isa = PBXBuildFile; fileRef = B86A37772419B31B0011E0F0 /* SafetyPlanViewController.swift */; };
		B86A377B2419B3570011E0F0 /* BaseViewController.swift in Sources */ = {isa = PBXBuildFile; fileRef = B86A377A2419B3570011E0F0 /* BaseViewController.swift */; };
		B870C137244141D4002A5B69 /* CollectionExtensions.swift in Sources */ = {isa = PBXBuildFile; fileRef = B870C136244141D4002A5B69 /* CollectionExtensions.swift */; };
		B8C6D915244BA4DE003D1650 /* RealmMigrationHelper.swift in Sources */ = {isa = PBXBuildFile; fileRef = B8C6D914244BA4DE003D1650 /* RealmMigrationHelper.swift */; };
		B8C6D917244BA68B003D1650 /* SpecialTypealiases.swift in Sources */ = {isa = PBXBuildFile; fileRef = B8C6D916244BA68B003D1650 /* SpecialTypealiases.swift */; };
		B8C6D91A244BBB4D003D1650 /* AppDefaults.swift in Sources */ = {isa = PBXBuildFile; fileRef = B8C6D919244BBB4D003D1650 /* AppDefaults.swift */; };
		B8C6D91C244BDB24003D1650 /* AppDelegate.swift in Sources */ = {isa = PBXBuildFile; fileRef = B8C6D91B244BDB24003D1650 /* AppDelegate.swift */; };
		B8E38D502415C2A000729701 /* CrisisViewController.swift in Sources */ = {isa = PBXBuildFile; fileRef = B8E38D4F2415C2A000729701 /* CrisisViewController.swift */; };
		B8E38D532415C2F100729701 /* ImportantContactInformation.swift in Sources */ = {isa = PBXBuildFile; fileRef = B8E38D522415C2F100729701 /* ImportantContactInformation.swift */; };
		B8E38D552415C31F00729701 /* PersonalContact.swift in Sources */ = {isa = PBXBuildFile; fileRef = B8E38D542415C31F00729701 /* PersonalContact.swift */; };
		B8F74310241A863D00D5FDFE /* SafetyPlanItem.swift in Sources */ = {isa = PBXBuildFile; fileRef = B8F7430F241A863D00D5FDFE /* SafetyPlanItem.swift */; };
		B8F74312241A86C000D5FDFE /* UserDefaultsGateway.swift in Sources */ = {isa = PBXBuildFile; fileRef = B8F74311241A86C000D5FDFE /* UserDefaultsGateway.swift */; };
/* End PBXBuildFile section */

/* Begin PBXContainerItemProxy section */
		2C44AA0F1B1CBA7D005D208C /* PBXContainerItemProxy */ = {
			isa = PBXContainerItemProxy;
			containerPortal = 2C44A9EA1B1CBA7C005D208C /* Project object */;
			proxyType = 1;
			remoteGlobalIDString = 2C44A9F11B1CBA7C005D208C;
			remoteInfo = SafetyPlan;
		};
/* End PBXContainerItemProxy section */

/* Begin PBXFileReference section */
		2A1EDD13C59484C7F2B33967 /* Pods-Safety PlanTests.debug.xcconfig */ = {isa = PBXFileReference; includeInIndex = 1; lastKnownFileType = text.xcconfig; name = "Pods-Safety PlanTests.debug.xcconfig"; path = "Target Support Files/Pods-Safety PlanTests/Pods-Safety PlanTests.debug.xcconfig"; sourceTree = "<group>"; };
		2C2663551FC50C1600AFC5E1 /* GuideResources2ViewController.h */ = {isa = PBXFileReference; lastKnownFileType = sourcecode.c.h; path = GuideResources2ViewController.h; sourceTree = "<group>"; };
		2C2663561FC50C1600AFC5E1 /* GuideResources2ViewController.m */ = {isa = PBXFileReference; lastKnownFileType = sourcecode.c.objc; path = GuideResources2ViewController.m; sourceTree = "<group>"; };
		2C2C856B1D203F5B009E9B3F /* AddressBook.framework */ = {isa = PBXFileReference; lastKnownFileType = wrapper.framework; name = AddressBook.framework; path = System/Library/Frameworks/AddressBook.framework; sourceTree = SDKROOT; };
		2C2C856C1D203F5B009E9B3F /* AddressBookUI.framework */ = {isa = PBXFileReference; lastKnownFileType = wrapper.framework; name = AddressBookUI.framework; path = System/Library/Frameworks/AddressBookUI.framework; sourceTree = SDKROOT; };
		2C44A9F21B1CBA7C005D208C /* Safety Plan.app */ = {isa = PBXFileReference; explicitFileType = wrapper.application; includeInIndex = 0; path = "Safety Plan.app"; sourceTree = BUILT_PRODUCTS_DIR; };
		2C44A9F61B1CBA7C005D208C /* Info.plist */ = {isa = PBXFileReference; lastKnownFileType = text.plist.xml; path = Info.plist; sourceTree = "<group>"; };
		2C44AA051B1CBA7D005D208C /* Images.xcassets */ = {isa = PBXFileReference; lastKnownFileType = folder.assetcatalog; path = Images.xcassets; sourceTree = "<group>"; };
		2C44AA0E1B1CBA7D005D208C /* Safety PlanTests.xctest */ = {isa = PBXFileReference; explicitFileType = wrapper.cfbundle; includeInIndex = 0; path = "Safety PlanTests.xctest"; sourceTree = BUILT_PRODUCTS_DIR; };
		2C44AA131B1CBA7D005D208C /* Info.plist */ = {isa = PBXFileReference; lastKnownFileType = text.plist.xml; path = Info.plist; sourceTree = "<group>"; };
		2C44AA141B1CBA7D005D208C /* SafetyPlanTests.m */ = {isa = PBXFileReference; lastKnownFileType = sourcecode.c.objc; path = SafetyPlanTests.m; sourceTree = "<group>"; };
		2C67D9791B584FFA00C53652 /* safetyplanlayout.storyboard */ = {isa = PBXFileReference; fileEncoding = 4; lastKnownFileType = file.storyboard; path = safetyplanlayout.storyboard; sourceTree = "<group>"; };
		2C67D98A1B584FFA00C53652 /* GuideOverviewViewController.h */ = {isa = PBXFileReference; fileEncoding = 4; lastKnownFileType = sourcecode.c.h; path = GuideOverviewViewController.h; sourceTree = "<group>"; };
		2C67D98B1B584FFA00C53652 /* GuideOverviewViewController.m */ = {isa = PBXFileReference; fileEncoding = 4; lastKnownFileType = sourcecode.c.objc; path = GuideOverviewViewController.m; sourceTree = "<group>"; };
		2C67D98E1B584FFA00C53652 /* GuideSafetyPlanViewController.h */ = {isa = PBXFileReference; fileEncoding = 4; lastKnownFileType = sourcecode.c.h; path = GuideSafetyPlanViewController.h; sourceTree = "<group>"; };
		2C67D98F1B584FFA00C53652 /* GuideSafetyPlanViewController.m */ = {isa = PBXFileReference; fileEncoding = 4; lastKnownFileType = sourcecode.c.objc; path = GuideSafetyPlanViewController.m; sourceTree = "<group>"; };
		2C67D9941B584FFA00C53652 /* SuicideGuideTableViewController.h */ = {isa = PBXFileReference; fileEncoding = 4; lastKnownFileType = sourcecode.c.h; path = SuicideGuideTableViewController.h; sourceTree = "<group>"; };
		2C67D9951B584FFA00C53652 /* SuicideGuideTableViewController.m */ = {isa = PBXFileReference; fileEncoding = 4; lastKnownFileType = sourcecode.c.objc; path = SuicideGuideTableViewController.m; sourceTree = "<group>"; };
		2C67D9981B584FFA00C53652 /* SuicideSafetyPlanTabViewController.h */ = {isa = PBXFileReference; fileEncoding = 4; lastKnownFileType = sourcecode.c.h; path = SuicideSafetyPlanTabViewController.h; sourceTree = "<group>"; };
		2C67D9991B584FFA00C53652 /* SuicideSafetyPlanTabViewController.m */ = {isa = PBXFileReference; fileEncoding = 4; lastKnownFileType = sourcecode.c.objc; path = SuicideSafetyPlanTabViewController.m; sourceTree = "<group>"; };
		2C67D99A1B584FFA00C53652 /* TPKeyboardAvoidingScrollView.h */ = {isa = PBXFileReference; fileEncoding = 4; lastKnownFileType = sourcecode.c.h; path = TPKeyboardAvoidingScrollView.h; sourceTree = "<group>"; };
		2C67D99B1B584FFA00C53652 /* TPKeyboardAvoidingScrollView.m */ = {isa = PBXFileReference; fileEncoding = 4; lastKnownFileType = sourcecode.c.objc; path = TPKeyboardAvoidingScrollView.m; sourceTree = "<group>"; };
		2C67D99C1B584FFA00C53652 /* UIScrollView+TPKeyboardAvoidingAdditions.h */ = {isa = PBXFileReference; fileEncoding = 4; lastKnownFileType = sourcecode.c.h; path = "UIScrollView+TPKeyboardAvoidingAdditions.h"; sourceTree = "<group>"; };
		2C67D99D1B584FFA00C53652 /* UIScrollView+TPKeyboardAvoidingAdditions.m */ = {isa = PBXFileReference; fileEncoding = 4; lastKnownFileType = sourcecode.c.objc; path = "UIScrollView+TPKeyboardAvoidingAdditions.m"; sourceTree = "<group>"; };
		34BA1E692163DB695751F3AE /* Pods-Safety Plan.release.xcconfig */ = {isa = PBXFileReference; includeInIndex = 1; lastKnownFileType = text.xcconfig; name = "Pods-Safety Plan.release.xcconfig"; path = "Target Support Files/Pods-Safety Plan/Pods-Safety Plan.release.xcconfig"; sourceTree = "<group>"; };
		3FE1113224193EB2006D4099 /* GuideCopingViewController.swift */ = {isa = PBXFileReference; fileEncoding = 4; lastKnownFileType = sourcecode.swift; path = GuideCopingViewController.swift; sourceTree = "<group>"; };
		3FE1113624194154006D4099 /* GuideRecoveringViewContoller.swift */ = {isa = PBXFileReference; fileEncoding = 4; lastKnownFileType = sourcecode.swift; path = GuideRecoveringViewContoller.swift; sourceTree = "<group>"; };
		3FE1113724194154006D4099 /* GuideSuicidePreventionViewController.swift */ = {isa = PBXFileReference; fileEncoding = 4; lastKnownFileType = sourcecode.swift; path = GuideSuicidePreventionViewController.swift; sourceTree = "<group>"; };
		446660A7289C5A4E00090856 /* safetyplanlaunch.storyboard */ = {isa = PBXFileReference; lastKnownFileType = file.storyboard; path = safetyplanlaunch.storyboard; sourceTree = "<group>"; };
		4489DACE28989DD500A984A7 /* Colors.xcassets */ = {isa = PBXFileReference; lastKnownFileType = folder.assetcatalog; path = Colors.xcassets; sourceTree = "<group>"; };
		5B0BC7487183D023877A322A /* Pods-Safety PlanTests.release.xcconfig */ = {isa = PBXFileReference; includeInIndex = 1; lastKnownFileType = text.xcconfig; name = "Pods-Safety PlanTests.release.xcconfig"; path = "Target Support Files/Pods-Safety PlanTests/Pods-Safety PlanTests.release.xcconfig"; sourceTree = "<group>"; };
		AB18F0A8CBBAD5BB3844FF21 /* Pods_Safety_PlanTests.framework */ = {isa = PBXFileReference; explicitFileType = wrapper.framework; includeInIndex = 0; path = Pods_Safety_PlanTests.framework; sourceTree = BUILT_PRODUCTS_DIR; };
		ADC79E336B06AA74EACC72F5 /* Pods_Safety_Plan.framework */ = {isa = PBXFileReference; explicitFileType = wrapper.framework; includeInIndex = 0; path = Pods_Safety_Plan.framework; sourceTree = BUILT_PRODUCTS_DIR; };
		B83A47B42447F52F0030A8A4 /* DatabaseGateway.swift */ = {isa = PBXFileReference; lastKnownFileType = sourcecode.swift; path = DatabaseGateway.swift; sourceTree = "<group>"; };
		B83E76AF241C5FDF00837918 /* Plan.storyboard */ = {isa = PBXFileReference; lastKnownFileType = file.storyboard; path = Plan.storyboard; sourceTree = "<group>"; };
		B83E76B3241C995000837918 /* UITableViewExtensions.swift */ = {isa = PBXFileReference; lastKnownFileType = sourcecode.swift; path = UITableViewExtensions.swift; sourceTree = "<group>"; };
		B83E76B5241CA33B00837918 /* BaseTableViewCell.swift */ = {isa = PBXFileReference; lastKnownFileType = sourcecode.swift; path = BaseTableViewCell.swift; sourceTree = "<group>"; };
		B83E76B9241CA38700837918 /* TextFieldTableViewCell.swift */ = {isa = PBXFileReference; lastKnownFileType = sourcecode.swift; path = TextFieldTableViewCell.swift; sourceTree = "<group>"; };
		B83E76BB241D3D5A00837918 /* ButtonCell.swift */ = {isa = PBXFileReference; lastKnownFileType = sourcecode.swift; path = ButtonCell.swift; sourceTree = "<group>"; };
		B83E76BD241D40A000837918 /* UIColorExtentions.swift */ = {isa = PBXFileReference; lastKnownFileType = sourcecode.swift; path = UIColorExtentions.swift; sourceTree = "<group>"; };
		B83E76C32420938D00837918 /* EditSafetyPlanItemViewController.swift */ = {isa = PBXFileReference; fileEncoding = 4; lastKnownFileType = sourcecode.swift; path = EditSafetyPlanItemViewController.swift; sourceTree = "<group>"; };
		B83E76C52420976600837918 /* EditOtherNotesViewController.swift */ = {isa = PBXFileReference; lastKnownFileType = sourcecode.swift; path = EditOtherNotesViewController.swift; sourceTree = "<group>"; };
		B83E76C92420A7EE00837918 /* DoubleTextFieldTableCell.swift */ = {isa = PBXFileReference; lastKnownFileType = sourcecode.swift; path = DoubleTextFieldTableCell.swift; sourceTree = "<group>"; };
		B83E76CB2420B35E00837918 /* InstructionsViewController.swift */ = {isa = PBXFileReference; lastKnownFileType = sourcecode.swift; path = InstructionsViewController.swift; sourceTree = "<group>"; };
		B84A89FC244D15C8004EC2B4 /* SafetyPlanItemGateway.swift */ = {isa = PBXFileReference; lastKnownFileType = sourcecode.swift; path = SafetyPlanItemGateway.swift; sourceTree = "<group>"; };
		B84A89FE244D15EC004EC2B4 /* PersonalContactGateway.swift */ = {isa = PBXFileReference; lastKnownFileType = sourcecode.swift; path = PersonalContactGateway.swift; sourceTree = "<group>"; };
		B8650C6E242591B1009D09E2 /* RLMPersonalContact.swift */ = {isa = PBXFileReference; lastKnownFileType = sourcecode.swift; path = RLMPersonalContact.swift; sourceTree = "<group>"; };
		B8650C70242592A1009D09E2 /* RLMSafetyPlanItem.swift */ = {isa = PBXFileReference; lastKnownFileType = sourcecode.swift; path = RLMSafetyPlanItem.swift; sourceTree = "<group>"; };
		B8650C762425DEA1009D09E2 /* DomainObject.swift */ = {isa = PBXFileReference; lastKnownFileType = sourcecode.swift; path = DomainObject.swift; sourceTree = "<group>"; };
		B86A37772419B31B0011E0F0 /* SafetyPlanViewController.swift */ = {isa = PBXFileReference; lastKnownFileType = sourcecode.swift; path = SafetyPlanViewController.swift; sourceTree = "<group>"; };
		B86A377A2419B3570011E0F0 /* BaseViewController.swift */ = {isa = PBXFileReference; lastKnownFileType = sourcecode.swift; path = BaseViewController.swift; sourceTree = "<group>"; };
		B870C136244141D4002A5B69 /* CollectionExtensions.swift */ = {isa = PBXFileReference; lastKnownFileType = sourcecode.swift; path = CollectionExtensions.swift; sourceTree = "<group>"; };
		B8C6D914244BA4DE003D1650 /* RealmMigrationHelper.swift */ = {isa = PBXFileReference; lastKnownFileType = sourcecode.swift; path = RealmMigrationHelper.swift; sourceTree = "<group>"; };
		B8C6D916244BA68B003D1650 /* SpecialTypealiases.swift */ = {isa = PBXFileReference; lastKnownFileType = sourcecode.swift; path = SpecialTypealiases.swift; sourceTree = "<group>"; };
		B8C6D919244BBB4D003D1650 /* AppDefaults.swift */ = {isa = PBXFileReference; lastKnownFileType = sourcecode.swift; path = AppDefaults.swift; sourceTree = "<group>"; };
		B8C6D91B244BDB24003D1650 /* AppDelegate.swift */ = {isa = PBXFileReference; lastKnownFileType = sourcecode.swift; path = AppDelegate.swift; sourceTree = "<group>"; };
		B8E38D4E2415C29F00729701 /* Safety Plan-Bridging-Header.h */ = {isa = PBXFileReference; lastKnownFileType = sourcecode.c.h; path = "Safety Plan-Bridging-Header.h"; sourceTree = "<group>"; };
		B8E38D4F2415C2A000729701 /* CrisisViewController.swift */ = {isa = PBXFileReference; lastKnownFileType = sourcecode.swift; path = CrisisViewController.swift; sourceTree = "<group>"; };
		B8E38D522415C2F100729701 /* ImportantContactInformation.swift */ = {isa = PBXFileReference; lastKnownFileType = sourcecode.swift; path = ImportantContactInformation.swift; sourceTree = "<group>"; };
		B8E38D542415C31F00729701 /* PersonalContact.swift */ = {isa = PBXFileReference; lastKnownFileType = sourcecode.swift; path = PersonalContact.swift; sourceTree = "<group>"; };
		B8F7430F241A863D00D5FDFE /* SafetyPlanItem.swift */ = {isa = PBXFileReference; lastKnownFileType = sourcecode.swift; path = SafetyPlanItem.swift; sourceTree = "<group>"; };
		B8F74311241A86C000D5FDFE /* UserDefaultsGateway.swift */ = {isa = PBXFileReference; lastKnownFileType = sourcecode.swift; path = UserDefaultsGateway.swift; sourceTree = "<group>"; };
		CB1D04A2A6190DB537FF169C /* Pods-Safety Plan.debug.xcconfig */ = {isa = PBXFileReference; includeInIndex = 1; lastKnownFileType = text.xcconfig; name = "Pods-Safety Plan.debug.xcconfig"; path = "Target Support Files/Pods-Safety Plan/Pods-Safety Plan.debug.xcconfig"; sourceTree = "<group>"; };
/* End PBXFileReference section */

/* Begin PBXFrameworksBuildPhase section */
		2C44A9EF1B1CBA7C005D208C /* Frameworks */ = {
			isa = PBXFrameworksBuildPhase;
			buildActionMask = 2147483647;
			files = (
				2C2C856D1D203F5B009E9B3F /* AddressBook.framework in Frameworks */,
				2C2C856E1D203F5B009E9B3F /* AddressBookUI.framework in Frameworks */,
				A71A9D355BACCA526028E3D2 /* Pods_Safety_Plan.framework in Frameworks */,
			);
			runOnlyForDeploymentPostprocessing = 0;
		};
		2C44AA0B1B1CBA7D005D208C /* Frameworks */ = {
			isa = PBXFrameworksBuildPhase;
			buildActionMask = 2147483647;
			files = (
				9C27D17D9D9204A2A7FC5552 /* Pods_Safety_PlanTests.framework in Frameworks */,
			);
			runOnlyForDeploymentPostprocessing = 0;
		};
/* End PBXFrameworksBuildPhase section */

/* Begin PBXGroup section */
		2C44A9E91B1CBA7C005D208C = {
			isa = PBXGroup;
			children = (
				2C2C856B1D203F5B009E9B3F /* AddressBook.framework */,
				2C2C856C1D203F5B009E9B3F /* AddressBookUI.framework */,
				2C44A9F41B1CBA7C005D208C /* SafetyPlan */,
				2C44AA111B1CBA7D005D208C /* SafetyPlanTests */,
				2C44A9F31B1CBA7C005D208C /* Products */,
				70DAE2B1593535FB4AED4F92 /* Pods */,
				7650841A28A1B7511BCBA51A /* Frameworks */,
			);
			sourceTree = "<group>";
		};
		2C44A9F31B1CBA7C005D208C /* Products */ = {
			isa = PBXGroup;
			children = (
				2C44A9F21B1CBA7C005D208C /* Safety Plan.app */,
				2C44AA0E1B1CBA7D005D208C /* Safety PlanTests.xctest */,
			);
			name = Products;
			sourceTree = "<group>";
		};
		2C44A9F41B1CBA7C005D208C /* SafetyPlan */ = {
			isa = PBXGroup;
			children = (
				B83E76B7241CA36300837918 /* UI Components */,
				2CCE8366240F4AC0002729ED /* Storyboards */,
				2CCE8364240F4A23002729ED /* Top Level Pages */,
				2CCE8365240F4A9B002729ED /* Guide */,
				2CCE8367240F4ACF002729ED /* Safety Plan */,
				2CCE8368240F4B34002729ED /* Backend */,
				B8E38D512415C2D900729701 /* Models */,
				2C44AA051B1CBA7D005D208C /* Images.xcassets */,
				4489DACE28989DD500A984A7 /* Colors.xcassets */,
				B83E76B1241C993500837918 /* Utilities */,
				2C44A9F51B1CBA7C005D208C /* Supporting Files */,
			);
			path = SafetyPlan;
			sourceTree = "<group>";
		};
		2C44A9F51B1CBA7C005D208C /* Supporting Files */ = {
			isa = PBXGroup;
			children = (
				2C44A9F61B1CBA7C005D208C /* Info.plist */,
			);
			name = "Supporting Files";
			sourceTree = "<group>";
		};
		2C44AA111B1CBA7D005D208C /* SafetyPlanTests */ = {
			isa = PBXGroup;
			children = (
				2C44AA141B1CBA7D005D208C /* SafetyPlanTests.m */,
				2C44AA121B1CBA7D005D208C /* Supporting Files */,
			);
			path = SafetyPlanTests;
			sourceTree = "<group>";
		};
		2C44AA121B1CBA7D005D208C /* Supporting Files */ = {
			isa = PBXGroup;
			children = (
				2C44AA131B1CBA7D005D208C /* Info.plist */,
			);
			name = "Supporting Files";
			sourceTree = "<group>";
		};
		2CCE8364240F4A23002729ED /* Top Level Pages */ = {
			isa = PBXGroup;
			children = (
				B8E38D4F2415C2A000729701 /* CrisisViewController.swift */,
				B86A37772419B31B0011E0F0 /* SafetyPlanViewController.swift */,
				2C67D9981B584FFA00C53652 /* SuicideSafetyPlanTabViewController.h */,
				2C67D9991B584FFA00C53652 /* SuicideSafetyPlanTabViewController.m */,
				2C67D9941B584FFA00C53652 /* SuicideGuideTableViewController.h */,
				2C67D9951B584FFA00C53652 /* SuicideGuideTableViewController.m */,
				B8E38D4E2415C29F00729701 /* Safety Plan-Bridging-Header.h */,
			);
			name = "Top Level Pages";
			sourceTree = "<group>";
		};
		2CCE8365240F4A9B002729ED /* Guide */ = {
			isa = PBXGroup;
			children = (
				3FE1113224193EB2006D4099 /* GuideCopingViewController.swift */,
				3FE1113624194154006D4099 /* GuideRecoveringViewContoller.swift */,
				3FE1113724194154006D4099 /* GuideSuicidePreventionViewController.swift */,
				2C2663551FC50C1600AFC5E1 /* GuideResources2ViewController.h */,
				2C2663561FC50C1600AFC5E1 /* GuideResources2ViewController.m */,
				2C67D98A1B584FFA00C53652 /* GuideOverviewViewController.h */,
				2C67D98B1B584FFA00C53652 /* GuideOverviewViewController.m */,
				2C67D98E1B584FFA00C53652 /* GuideSafetyPlanViewController.h */,
				2C67D98F1B584FFA00C53652 /* GuideSafetyPlanViewController.m */,
			);
			name = Guide;
			sourceTree = "<group>";
		};
		2CCE8366240F4AC0002729ED /* Storyboards */ = {
			isa = PBXGroup;
			children = (
				2C67D9791B584FFA00C53652 /* safetyplanlayout.storyboard */,
				446660A7289C5A4E00090856 /* safetyplanlaunch.storyboard */,
				B83E76AF241C5FDF00837918 /* Plan.storyboard */,
			);
			name = Storyboards;
			sourceTree = "<group>";
		};
		2CCE8367240F4ACF002729ED /* Safety Plan */ = {
			isa = PBXGroup;
			children = (
				B83E76C32420938D00837918 /* EditSafetyPlanItemViewController.swift */,
				B83E76C52420976600837918 /* EditOtherNotesViewController.swift */,
				B83E76CB2420B35E00837918 /* InstructionsViewController.swift */,
			);
			name = "Safety Plan";
			sourceTree = "<group>";
		};
		2CCE8368240F4B34002729ED /* Backend */ = {
			isa = PBXGroup;
			children = (
				2C67D99A1B584FFA00C53652 /* TPKeyboardAvoidingScrollView.h */,
				2C67D99B1B584FFA00C53652 /* TPKeyboardAvoidingScrollView.m */,
				2C67D99C1B584FFA00C53652 /* UIScrollView+TPKeyboardAvoidingAdditions.h */,
				2C67D99D1B584FFA00C53652 /* UIScrollView+TPKeyboardAvoidingAdditions.m */,
				B8C6D91B244BDB24003D1650 /* AppDelegate.swift */,
			);
			name = Backend;
			sourceTree = "<group>";
		};
		70DAE2B1593535FB4AED4F92 /* Pods */ = {
			isa = PBXGroup;
			children = (
				CB1D04A2A6190DB537FF169C /* Pods-Safety Plan.debug.xcconfig */,
				34BA1E692163DB695751F3AE /* Pods-Safety Plan.release.xcconfig */,
				2A1EDD13C59484C7F2B33967 /* Pods-Safety PlanTests.debug.xcconfig */,
				5B0BC7487183D023877A322A /* Pods-Safety PlanTests.release.xcconfig */,
			);
			path = Pods;
			sourceTree = "<group>";
		};
		7650841A28A1B7511BCBA51A /* Frameworks */ = {
			isa = PBXGroup;
			children = (
				ADC79E336B06AA74EACC72F5 /* Pods_Safety_Plan.framework */,
				AB18F0A8CBBAD5BB3844FF21 /* Pods_Safety_PlanTests.framework */,
			);
			name = Frameworks;
			sourceTree = "<group>";
		};
		B83E76B1241C993500837918 /* Utilities */ = {
			isa = PBXGroup;
			children = (
				B8E38D522415C2F100729701 /* ImportantContactInformation.swift */,
				B8C6D916244BA68B003D1650 /* SpecialTypealiases.swift */,
				B8C6D918244BBB40003D1650 /* UserDefaults */,
				B83E76B2241C993F00837918 /* Extensions */,
			);
			name = Utilities;
			sourceTree = "<group>";
		};
		B83E76B2241C993F00837918 /* Extensions */ = {
			isa = PBXGroup;
			children = (
				B83E76B3241C995000837918 /* UITableViewExtensions.swift */,
				B83E76BD241D40A000837918 /* UIColorExtentions.swift */,
				B870C136244141D4002A5B69 /* CollectionExtensions.swift */,
			);
			name = Extensions;
			sourceTree = "<group>";
		};
		B83E76B7241CA36300837918 /* UI Components */ = {
			isa = PBXGroup;
			children = (
				B83E76B8241CA37100837918 /* UITableViewCells */,
				B86A37792419B3430011E0F0 /* Base Classes */,
			);
			name = "UI Components";
			sourceTree = "<group>";
		};
		B83E76B8241CA37100837918 /* UITableViewCells */ = {
			isa = PBXGroup;
			children = (
				B83E76B9241CA38700837918 /* TextFieldTableViewCell.swift */,
				B83E76BB241D3D5A00837918 /* ButtonCell.swift */,
				B83E76C92420A7EE00837918 /* DoubleTextFieldTableCell.swift */,
			);
			name = UITableViewCells;
			sourceTree = "<group>";
		};
		B84A8A00244D1613004EC2B4 /* Gateways */ = {
			isa = PBXGroup;
			children = (
				B83A47B42447F52F0030A8A4 /* DatabaseGateway.swift */,
				B84A89FE244D15EC004EC2B4 /* PersonalContactGateway.swift */,
				B84A89FC244D15C8004EC2B4 /* SafetyPlanItemGateway.swift */,
			);
			name = Gateways;
			sourceTree = "<group>";
		};
		B8650C6C24259177009D09E2 /* Realm */ = {
			isa = PBXGroup;
			children = (
				B8650C6E242591B1009D09E2 /* RLMPersonalContact.swift */,
				B8650C70242592A1009D09E2 /* RLMSafetyPlanItem.swift */,
				B8C6D914244BA4DE003D1650 /* RealmMigrationHelper.swift */,
			);
			name = Realm;
			sourceTree = "<group>";
		};
		B8650C6D24259180009D09E2 /* Domain */ = {
			isa = PBXGroup;
			children = (
				B8E38D542415C31F00729701 /* PersonalContact.swift */,
				B8F7430F241A863D00D5FDFE /* SafetyPlanItem.swift */,
				B8650C762425DEA1009D09E2 /* DomainObject.swift */,
			);
			name = Domain;
			sourceTree = "<group>";
		};
		B86A37792419B3430011E0F0 /* Base Classes */ = {
			isa = PBXGroup;
			children = (
				B86A377A2419B3570011E0F0 /* BaseViewController.swift */,
				B83E76B5241CA33B00837918 /* BaseTableViewCell.swift */,
			);
			name = "Base Classes";
			sourceTree = "<group>";
		};
		B8C6D918244BBB40003D1650 /* UserDefaults */ = {
			isa = PBXGroup;
			children = (
				B8C6D919244BBB4D003D1650 /* AppDefaults.swift */,
			);
			name = UserDefaults;
			sourceTree = "<group>";
		};
		B8E38D512415C2D900729701 /* Models */ = {
			isa = PBXGroup;
			children = (
				B8650C6D24259180009D09E2 /* Domain */,
				B84A8A00244D1613004EC2B4 /* Gateways */,
				B8650C6C24259177009D09E2 /* Realm */,
				B8F74311241A86C000D5FDFE /* UserDefaultsGateway.swift */,
			);
			name = Models;
			sourceTree = "<group>";
		};
/* End PBXGroup section */

/* Begin PBXNativeTarget section */
		2C44A9F11B1CBA7C005D208C /* Safety Plan */ = {
			isa = PBXNativeTarget;
			buildConfigurationList = 2C44AA181B1CBA7D005D208C /* Build configuration list for PBXNativeTarget "Safety Plan" */;
			buildPhases = (
				7938AAAF17EE6E7D0EB8E385 /* [CP] Check Pods Manifest.lock */,
				2C44A9EE1B1CBA7C005D208C /* Sources */,
				2C44A9EF1B1CBA7C005D208C /* Frameworks */,
				2C44A9F01B1CBA7C005D208C /* Resources */,
				B0E313B040B2684F17387591 /* [CP] Embed Pods Frameworks */,
			);
			buildRules = (
			);
			dependencies = (
			);
			name = "Safety Plan";
			productName = SafetyPlan;
			productReference = 2C44A9F21B1CBA7C005D208C /* Safety Plan.app */;
			productType = "com.apple.product-type.application";
		};
		2C44AA0D1B1CBA7D005D208C /* Safety PlanTests */ = {
			isa = PBXNativeTarget;
			buildConfigurationList = 2C44AA1B1B1CBA7D005D208C /* Build configuration list for PBXNativeTarget "Safety PlanTests" */;
			buildPhases = (
				EDF01736F3F84707256B34A7 /* [CP] Check Pods Manifest.lock */,
				2C44AA0A1B1CBA7D005D208C /* Sources */,
				2C44AA0B1B1CBA7D005D208C /* Frameworks */,
				2C44AA0C1B1CBA7D005D208C /* Resources */,
			);
			buildRules = (
			);
			dependencies = (
				2C44AA101B1CBA7D005D208C /* PBXTargetDependency */,
			);
			name = "Safety PlanTests";
			productName = SafetyPlanTests;
			productReference = 2C44AA0E1B1CBA7D005D208C /* Safety PlanTests.xctest */;
			productType = "com.apple.product-type.bundle.unit-test";
		};
/* End PBXNativeTarget section */

/* Begin PBXProject section */
		2C44A9EA1B1CBA7C005D208C /* Project object */ = {
			isa = PBXProject;
			attributes = {
				LastUpgradeCheck = 0630;
				ORGANIZATIONNAME = MoodTools;
				TargetAttributes = {
					2C44A9F11B1CBA7C005D208C = {
						CreatedOnToolsVersion = 6.3.2;
						DevelopmentTeam = PU7A82KB49;
						LastSwiftMigration = 1130;
					};
					2C44AA0D1B1CBA7D005D208C = {
						CreatedOnToolsVersion = 6.3.2;
						TestTargetID = 2C44A9F11B1CBA7C005D208C;
					};
				};
			};
			buildConfigurationList = 2C44A9ED1B1CBA7C005D208C /* Build configuration list for PBXProject "Safety Plan" */;
			compatibilityVersion = "Xcode 3.2";
			developmentRegion = English;
			hasScannedForEncodings = 0;
			knownRegions = (
				English,
				en,
				Base,
			);
			mainGroup = 2C44A9E91B1CBA7C005D208C;
			productRefGroup = 2C44A9F31B1CBA7C005D208C /* Products */;
			projectDirPath = "";
			projectRoot = "";
			targets = (
				2C44A9F11B1CBA7C005D208C /* Safety Plan */,
				2C44AA0D1B1CBA7D005D208C /* Safety PlanTests */,
			);
		};
/* End PBXProject section */

/* Begin PBXResourcesBuildPhase section */
		2C44A9F01B1CBA7C005D208C /* Resources */ = {
			isa = PBXResourcesBuildPhase;
			buildActionMask = 2147483647;
			files = (
				4489DACF28989DD500A984A7 /* Colors.xcassets in Resources */,
				B83E76B0241C5FDF00837918 /* Plan.storyboard in Resources */,
				2C67D99E1B584FFA00C53652 /* safetyplanlayout.storyboard in Resources */,
				2C44AA061B1CBA7D005D208C /* Images.xcassets in Resources */,
				446660A8289C5A4E00090856 /* safetyplanlaunch.storyboard in Resources */,
			);
			runOnlyForDeploymentPostprocessing = 0;
		};
		2C44AA0C1B1CBA7D005D208C /* Resources */ = {
			isa = PBXResourcesBuildPhase;
			buildActionMask = 2147483647;
			files = (
			);
			runOnlyForDeploymentPostprocessing = 0;
		};
/* End PBXResourcesBuildPhase section */

/* Begin PBXShellScriptBuildPhase section */
		7938AAAF17EE6E7D0EB8E385 /* [CP] Check Pods Manifest.lock */ = {
			isa = PBXShellScriptBuildPhase;
			buildActionMask = 2147483647;
			files = (
			);
			inputFileListPaths = (
			);
			inputPaths = (
				"${PODS_PODFILE_DIR_PATH}/Podfile.lock",
				"${PODS_ROOT}/Manifest.lock",
			);
			name = "[CP] Check Pods Manifest.lock";
			outputFileListPaths = (
			);
			outputPaths = (
				"$(DERIVED_FILE_DIR)/Pods-Safety Plan-checkManifestLockResult.txt",
			);
			runOnlyForDeploymentPostprocessing = 0;
			shellPath = /bin/sh;
			shellScript = "diff \"${PODS_PODFILE_DIR_PATH}/Podfile.lock\" \"${PODS_ROOT}/Manifest.lock\" > /dev/null\nif [ $? != 0 ] ; then\n    # print error to STDERR\n    echo \"error: The sandbox is not in sync with the Podfile.lock. Run 'pod install' or update your CocoaPods installation.\" >&2\n    exit 1\nfi\n# This output is used by Xcode 'outputs' to avoid re-running this script phase.\necho \"SUCCESS\" > \"${SCRIPT_OUTPUT_FILE_0}\"\n";
			showEnvVarsInLog = 0;
		};
		B0E313B040B2684F17387591 /* [CP] Embed Pods Frameworks */ = {
			isa = PBXShellScriptBuildPhase;
			buildActionMask = 2147483647;
			files = (
			);
			inputPaths = (
				"${PODS_ROOT}/Target Support Files/Pods-Safety Plan/Pods-Safety Plan-frameworks.sh",
				"${BUILT_PRODUCTS_DIR}/Realm/Realm.framework",
				"${BUILT_PRODUCTS_DIR}/RealmSwift/RealmSwift.framework",
			);
			name = "[CP] Embed Pods Frameworks";
			outputPaths = (
				"${TARGET_BUILD_DIR}/${FRAMEWORKS_FOLDER_PATH}/Realm.framework",
				"${TARGET_BUILD_DIR}/${FRAMEWORKS_FOLDER_PATH}/RealmSwift.framework",
			);
			runOnlyForDeploymentPostprocessing = 0;
			shellPath = /bin/sh;
			shellScript = "\"${PODS_ROOT}/Target Support Files/Pods-Safety Plan/Pods-Safety Plan-frameworks.sh\"\n";
			showEnvVarsInLog = 0;
		};
		EDF01736F3F84707256B34A7 /* [CP] Check Pods Manifest.lock */ = {
			isa = PBXShellScriptBuildPhase;
			buildActionMask = 2147483647;
			files = (
			);
			inputFileListPaths = (
			);
			inputPaths = (
				"${PODS_PODFILE_DIR_PATH}/Podfile.lock",
				"${PODS_ROOT}/Manifest.lock",
			);
			name = "[CP] Check Pods Manifest.lock";
			outputFileListPaths = (
			);
			outputPaths = (
				"$(DERIVED_FILE_DIR)/Pods-Safety PlanTests-checkManifestLockResult.txt",
			);
			runOnlyForDeploymentPostprocessing = 0;
			shellPath = /bin/sh;
			shellScript = "diff \"${PODS_PODFILE_DIR_PATH}/Podfile.lock\" \"${PODS_ROOT}/Manifest.lock\" > /dev/null\nif [ $? != 0 ] ; then\n    # print error to STDERR\n    echo \"error: The sandbox is not in sync with the Podfile.lock. Run 'pod install' or update your CocoaPods installation.\" >&2\n    exit 1\nfi\n# This output is used by Xcode 'outputs' to avoid re-running this script phase.\necho \"SUCCESS\" > \"${SCRIPT_OUTPUT_FILE_0}\"\n";
			showEnvVarsInLog = 0;
		};
/* End PBXShellScriptBuildPhase section */

/* Begin PBXSourcesBuildPhase section */
		2C44A9EE1B1CBA7C005D208C /* Sources */ = {
			isa = PBXSourcesBuildPhase;
			buildActionMask = 2147483647;
			files = (
				B83E76BE241D40A000837918 /* UIColorExtentions.swift in Sources */,
				2C67D9A91B584FFA00C53652 /* GuideSafetyPlanViewController.m in Sources */,
				2C67D9AE1B584FFA00C53652 /* SuicideSafetyPlanTabViewController.m in Sources */,
				B83E76CA2420A7EE00837918 /* DoubleTextFieldTableCell.swift in Sources */,
				B8650C6F242591B1009D09E2 /* RLMPersonalContact.swift in Sources */,
				B8F74312241A86C000D5FDFE /* UserDefaultsGateway.swift in Sources */,
				B83E76B6241CA33B00837918 /* BaseTableViewCell.swift in Sources */,
				B83A47B52447F52F0030A8A4 /* DatabaseGateway.swift in Sources */,
				3FE1113824194154006D4099 /* GuideRecoveringViewContoller.swift in Sources */,
				B8E38D502415C2A000729701 /* CrisisViewController.swift in Sources */,
				B83E76B4241C995000837918 /* UITableViewExtensions.swift in Sources */,
				B8C6D91C244BDB24003D1650 /* AppDelegate.swift in Sources */,
				B83E76BA241CA38700837918 /* TextFieldTableViewCell.swift in Sources */,
				B8C6D917244BA68B003D1650 /* SpecialTypealiases.swift in Sources */,
				B84A89FD244D15C8004EC2B4 /* SafetyPlanItemGateway.swift in Sources */,
				B86A377B2419B3570011E0F0 /* BaseViewController.swift in Sources */,
				B83E76C42420938D00837918 /* EditSafetyPlanItemViewController.swift in Sources */,
				B83E76C62420976600837918 /* EditOtherNotesViewController.swift in Sources */,
				2C67D9AC1B584FFA00C53652 /* SuicideGuideTableViewController.m in Sources */,
				2C67D9B01B584FFA00C53652 /* UIScrollView+TPKeyboardAvoidingAdditions.m in Sources */,
				B870C137244141D4002A5B69 /* CollectionExtensions.swift in Sources */,
				B8C6D915244BA4DE003D1650 /* RealmMigrationHelper.swift in Sources */,
				2C67D9A71B584FFA00C53652 /* GuideOverviewViewController.m in Sources */,
				3FE1113324193EB3006D4099 /* GuideCopingViewController.swift in Sources */,
				2C2663571FC50C1600AFC5E1 /* GuideResources2ViewController.m in Sources */,
				3FE1113924194154006D4099 /* GuideSuicidePreventionViewController.swift in Sources */,
				2C67D9AF1B584FFA00C53652 /* TPKeyboardAvoidingScrollView.m in Sources */,
				B8F74310241A863D00D5FDFE /* SafetyPlanItem.swift in Sources */,
				B83E76BC241D3D5A00837918 /* ButtonCell.swift in Sources */,
				B8C6D91A244BBB4D003D1650 /* AppDefaults.swift in Sources */,
				B8E38D532415C2F100729701 /* ImportantContactInformation.swift in Sources */,
				B8E38D552415C31F00729701 /* PersonalContact.swift in Sources */,
				B84A89FF244D15EC004EC2B4 /* PersonalContactGateway.swift in Sources */,
				B8650C772425DEA1009D09E2 /* DomainObject.swift in Sources */,
				B8650C71242592A1009D09E2 /* RLMSafetyPlanItem.swift in Sources */,
				B83E76CC2420B35E00837918 /* InstructionsViewController.swift in Sources */,
				B86A37782419B31B0011E0F0 /* SafetyPlanViewController.swift in Sources */,
			);
			runOnlyForDeploymentPostprocessing = 0;
		};
		2C44AA0A1B1CBA7D005D208C /* Sources */ = {
			isa = PBXSourcesBuildPhase;
			buildActionMask = 2147483647;
			files = (
				2C44AA151B1CBA7D005D208C /* SafetyPlanTests.m in Sources */,
			);
			runOnlyForDeploymentPostprocessing = 0;
		};
/* End PBXSourcesBuildPhase section */

/* Begin PBXTargetDependency section */
		2C44AA101B1CBA7D005D208C /* PBXTargetDependency */ = {
			isa = PBXTargetDependency;
			target = 2C44A9F11B1CBA7C005D208C /* Safety Plan */;
			targetProxy = 2C44AA0F1B1CBA7D005D208C /* PBXContainerItemProxy */;
		};
/* End PBXTargetDependency section */

/* Begin XCBuildConfiguration section */
		2C44AA161B1CBA7D005D208C /* Debug */ = {
			isa = XCBuildConfiguration;
			buildSettings = {
				ALWAYS_SEARCH_USER_PATHS = NO;
				CLANG_CXX_LANGUAGE_STANDARD = "gnu++0x";
				CLANG_CXX_LIBRARY = "libc++";
				CLANG_ENABLE_MODULES = YES;
				CLANG_ENABLE_OBJC_ARC = YES;
				CLANG_WARN_BOOL_CONVERSION = YES;
				CLANG_WARN_CONSTANT_CONVERSION = YES;
				CLANG_WARN_DIRECT_OBJC_ISA_USAGE = YES_ERROR;
				CLANG_WARN_EMPTY_BODY = YES;
				CLANG_WARN_ENUM_CONVERSION = YES;
				CLANG_WARN_INT_CONVERSION = YES;
				CLANG_WARN_OBJC_ROOT_CLASS = YES_ERROR;
				CLANG_WARN_UNREACHABLE_CODE = YES;
				CLANG_WARN__DUPLICATE_METHOD_MATCH = YES;
				"CODE_SIGN_IDENTITY[sdk=iphoneos*]" = "iPhone Developer";
				COPY_PHASE_STRIP = NO;
				DEBUG_INFORMATION_FORMAT = "dwarf-with-dsym";
				ENABLE_STRICT_OBJC_MSGSEND = YES;
				GCC_C_LANGUAGE_STANDARD = gnu99;
				GCC_DYNAMIC_NO_PIC = NO;
				GCC_NO_COMMON_BLOCKS = YES;
				GCC_OPTIMIZATION_LEVEL = 0;
				GCC_PREPROCESSOR_DEFINITIONS = (
					"DEBUG=1",
					"$(inherited)",
				);
				GCC_SYMBOLS_PRIVATE_EXTERN = NO;
				GCC_WARN_64_TO_32_BIT_CONVERSION = YES;
				GCC_WARN_ABOUT_RETURN_TYPE = YES_ERROR;
				GCC_WARN_UNDECLARED_SELECTOR = YES;
				GCC_WARN_UNINITIALIZED_AUTOS = YES_AGGRESSIVE;
				GCC_WARN_UNUSED_FUNCTION = YES;
				GCC_WARN_UNUSED_VARIABLE = YES;
				IPHONEOS_DEPLOYMENT_TARGET = 13.0;
				MTL_ENABLE_DEBUG_INFO = YES;
				ONLY_ACTIVE_ARCH = YES;
				SDKROOT = iphoneos;
				TARGETED_DEVICE_FAMILY = "1,2";
			};
			name = Debug;
		};
		2C44AA171B1CBA7D005D208C /* Release */ = {
			isa = XCBuildConfiguration;
			buildSettings = {
				ALWAYS_SEARCH_USER_PATHS = NO;
				CLANG_CXX_LANGUAGE_STANDARD = "gnu++0x";
				CLANG_CXX_LIBRARY = "libc++";
				CLANG_ENABLE_MODULES = YES;
				CLANG_ENABLE_OBJC_ARC = YES;
				CLANG_WARN_BOOL_CONVERSION = YES;
				CLANG_WARN_CONSTANT_CONVERSION = YES;
				CLANG_WARN_DIRECT_OBJC_ISA_USAGE = YES_ERROR;
				CLANG_WARN_EMPTY_BODY = YES;
				CLANG_WARN_ENUM_CONVERSION = YES;
				CLANG_WARN_INT_CONVERSION = YES;
				CLANG_WARN_OBJC_ROOT_CLASS = YES_ERROR;
				CLANG_WARN_UNREACHABLE_CODE = YES;
				CLANG_WARN__DUPLICATE_METHOD_MATCH = YES;
				"CODE_SIGN_IDENTITY[sdk=iphoneos*]" = "iPhone Developer";
				COPY_PHASE_STRIP = NO;
				DEBUG_INFORMATION_FORMAT = "dwarf-with-dsym";
				ENABLE_NS_ASSERTIONS = NO;
				ENABLE_STRICT_OBJC_MSGSEND = YES;
				GCC_C_LANGUAGE_STANDARD = gnu99;
				GCC_NO_COMMON_BLOCKS = YES;
				GCC_WARN_64_TO_32_BIT_CONVERSION = YES;
				GCC_WARN_ABOUT_RETURN_TYPE = YES_ERROR;
				GCC_WARN_UNDECLARED_SELECTOR = YES;
				GCC_WARN_UNINITIALIZED_AUTOS = YES_AGGRESSIVE;
				GCC_WARN_UNUSED_FUNCTION = YES;
				GCC_WARN_UNUSED_VARIABLE = YES;
				IPHONEOS_DEPLOYMENT_TARGET = 13.0;
				MTL_ENABLE_DEBUG_INFO = NO;
				SDKROOT = iphoneos;
				TARGETED_DEVICE_FAMILY = "1,2";
				VALIDATE_PRODUCT = YES;
			};
			name = Release;
		};
		2C44AA191B1CBA7D005D208C /* Debug */ = {
			isa = XCBuildConfiguration;
			baseConfigurationReference = CB1D04A2A6190DB537FF169C /* Pods-Safety Plan.debug.xcconfig */;
			buildSettings = {
				ASSETCATALOG_COMPILER_APPICON_NAME = AppIcon;
				CLANG_ENABLE_MODULES = YES;
				CODE_SIGN_IDENTITY = "iPhone Developer";
				"CODE_SIGN_IDENTITY[sdk=iphoneos*]" = "iPhone Developer";
				CURRENT_PROJECT_VERSION = 8;
				"EXCLUDED_ARCHS[sdk=iphonesimulator*]" = arm64;
				INFOPLIST_FILE = SafetyPlan/Info.plist;
				IPHONEOS_DEPLOYMENT_TARGET = 13.0;
				LD_RUNPATH_SEARCH_PATHS = "$(inherited) @executable_path/Frameworks";
				MARKETING_VERSION = 1.5;
				PRODUCT_NAME = "Safety Plan";
				PROVISIONING_PROFILE = "";
				SWIFT_OBJC_BRIDGING_HEADER = "SafetyPlan/Safety Plan-Bridging-Header.h";
				SWIFT_OPTIMIZATION_LEVEL = "-Onone";
				SWIFT_VERSION = 5.0;
				TARGETED_DEVICE_FAMILY = "1,2";
			};
			name = Debug;
		};
		2C44AA1A1B1CBA7D005D208C /* Release */ = {
			isa = XCBuildConfiguration;
			baseConfigurationReference = 34BA1E692163DB695751F3AE /* Pods-Safety Plan.release.xcconfig */;
			buildSettings = {
				ASSETCATALOG_COMPILER_APPICON_NAME = AppIcon;
				CLANG_ENABLE_MODULES = YES;
				CODE_SIGN_IDENTITY = "iPhone Developer";
				"CODE_SIGN_IDENTITY[sdk=iphoneos*]" = "iPhone Developer";
				CURRENT_PROJECT_VERSION = 8;
				INFOPLIST_FILE = SafetyPlan/Info.plist;
				IPHONEOS_DEPLOYMENT_TARGET = 13.0;
				LD_RUNPATH_SEARCH_PATHS = "$(inherited) @executable_path/Frameworks";
				MARKETING_VERSION = 1.5;
				PRODUCT_NAME = "Safety Plan";
				PROVISIONING_PROFILE = "";
				SWIFT_OBJC_BRIDGING_HEADER = "SafetyPlan/Safety Plan-Bridging-Header.h";
				SWIFT_VERSION = 5.0;
				TARGETED_DEVICE_FAMILY = "1,2";
			};
			name = Release;
		};
		2C44AA1C1B1CBA7D005D208C /* Debug */ = {
			isa = XCBuildConfiguration;
			baseConfigurationReference = 2A1EDD13C59484C7F2B33967 /* Pods-Safety PlanTests.debug.xcconfig */;
			buildSettings = {
				ALWAYS_EMBED_SWIFT_STANDARD_LIBRARIES = YES;
				BUNDLE_LOADER = "$(TEST_HOST)";
				FRAMEWORK_SEARCH_PATHS = (
					"$(SDKROOT)/Developer/Library/Frameworks",
					"$(inherited)",
				);
				GCC_PREPROCESSOR_DEFINITIONS = (
					"DEBUG=1",
					"$(inherited)",
				);
				INFOPLIST_FILE = SafetyPlanTests/Info.plist;
				LD_RUNPATH_SEARCH_PATHS = "$(inherited) @executable_path/Frameworks @loader_path/Frameworks";
				PRODUCT_NAME = "Safety PlanTests";
				TEST_HOST = "$(BUILT_PRODUCTS_DIR)/SafetyPlan.app/SafetyPlan";
			};
			name = Debug;
		};
		2C44AA1D1B1CBA7D005D208C /* Release */ = {
			isa = XCBuildConfiguration;
			baseConfigurationReference = 5B0BC7487183D023877A322A /* Pods-Safety PlanTests.release.xcconfig */;
			buildSettings = {
				ALWAYS_EMBED_SWIFT_STANDARD_LIBRARIES = YES;
				BUNDLE_LOADER = "$(TEST_HOST)";
				FRAMEWORK_SEARCH_PATHS = (
					"$(SDKROOT)/Developer/Library/Frameworks",
					"$(inherited)",
				);
				INFOPLIST_FILE = SafetyPlanTests/Info.plist;
				LD_RUNPATH_SEARCH_PATHS = "$(inherited) @executable_path/Frameworks @loader_path/Frameworks";
				PRODUCT_NAME = "Safety PlanTests";
				TEST_HOST = "$(BUILT_PRODUCTS_DIR)/SafetyPlan.app/SafetyPlan";
			};
			name = Release;
		};
/* End XCBuildConfiguration section */

/* Begin XCConfigurationList section */
		2C44A9ED1B1CBA7C005D208C /* Build configuration list for PBXProject "Safety Plan" */ = {
			isa = XCConfigurationList;
			buildConfigurations = (
				2C44AA161B1CBA7D005D208C /* Debug */,
				2C44AA171B1CBA7D005D208C /* Release */,
			);
			defaultConfigurationIsVisible = 0;
			defaultConfigurationName = Release;
		};
		2C44AA181B1CBA7D005D208C /* Build configuration list for PBXNativeTarget "Safety Plan" */ = {
			isa = XCConfigurationList;
			buildConfigurations = (
				2C44AA191B1CBA7D005D208C /* Debug */,
				2C44AA1A1B1CBA7D005D208C /* Release */,
			);
			defaultConfigurationIsVisible = 0;
			defaultConfigurationName = Release;
		};
		2C44AA1B1B1CBA7D005D208C /* Build configuration list for PBXNativeTarget "Safety PlanTests" */ = {
			isa = XCConfigurationList;
			buildConfigurations = (
				2C44AA1C1B1CBA7D005D208C /* Debug */,
				2C44AA1D1B1CBA7D005D208C /* Release */,
			);
			defaultConfigurationIsVisible = 0;
			defaultConfigurationName = Release;
		};
/* End XCConfigurationList section */
	};
	rootObject = 2C44A9EA1B1CBA7C005D208C /* Project object */;
}
